
Microsoft Visual Studio Solution File, Format Version 12.00
# Visual Studio Version 16
VisualStudioVersion = 16.0.31424.327
MinimumVisualStudioVersion = 10.0.40219.1
Project("{9A19103F-16F7-4668-BE54-9A1E7A4F7556}") = "FeatureToggleApp", "..\sample\FeatureToggleApp\FeatureToggleApp.csproj", "{0B6095C6-1E53-4629-A177-58B8C304D4F8}"
EndProject
Project("{9A19103F-16F7-4668-BE54-9A1E7A4F7556}") = "FeatureManagement.ImplementationSwitchExtensions", "FeatureManagement.ImplementationSwitchExtensions\FeatureManagement.ImplementationSwitchExtensions.csproj", "{4FFB731E-6229-4572-8F93-09D2AA8DA6DC}"
EndProject
Global
	GlobalSection(SolutionConfigurationPlatforms) = preSolution
		Debug|Any CPU = Debug|Any CPU
		Release|Any CPU = Release|Any CPU
	EndGlobalSection
	GlobalSection(ProjectConfigurationPlatforms) = postSolution
		{0B6095C6-1E53-4629-A177-58B8C304D4F8}.Debug|Any CPU.ActiveCfg = Debug|Any CPU
		{0B6095C6-1E53-4629-A177-58B8C304D4F8}.Debug|Any CPU.Build.0 = Debug|Any CPU
		{0B6095C6-1E53-4629-A177-58B8C304D4F8}.Release|Any CPU.ActiveCfg = Release|Any CPU
		{0B6095C6-1E53-4629-A177-58B8C304D4F8}.Release|Any CPU.Build.0 = Release|Any CPU
		{4FFB731E-6229-4572-8F93-09D2AA8DA6DC}.Debug|Any CPU.ActiveCfg = Debug|Any CPU
		{4FFB731E-6229-4572-8F93-09D2AA8DA6DC}.Debug|Any CPU.Build.0 = Debug|Any CPU
		{4FFB731E-6229-4572-8F93-09D2AA8DA6DC}.Release|Any CPU.ActiveCfg = Release|Any CPU
		{4FFB731E-6229-4572-8F93-09D2AA8DA6DC}.Release|Any CPU.Build.0 = Release|Any CPU
	EndGlobalSection
	GlobalSection(SolutionProperties) = preSolution
		HideSolutionNode = FALSE
	EndGlobalSection
	GlobalSection(ExtensibilityGlobals) = postSolution
		SolutionGuid = {F3C2D118-CECC-453B-8EC1-38987825574A}
	EndGlobalSection
EndGlobal
